Microsoft Visual Studio Solution File, Format Version 11.00
# Visual Studio 2008

Project("{8223376F-99B5-2CCA-980B-603AAF2A0ADA}") = "InteractiveBook", "Assembly-CSharp.csproj", "{C100EA01-368F-664B-9074-424074C8E5A4}"
EndProject
Project("{8223376F-99B5-2CCA-980B-603AAF2A0ADA}") = "InteractiveBook", "Assembly-CSharp-Editor.csproj", "{602A9A01-0A44-9A95-FDF9-266161CB3EEE}"
EndProject
Global
	GlobalSection(SolutionConfigurationPlatforms) = preSolution
		Debug|Any CPU = Debug|Any CPU
		Release|Any CPU = Release|Any CPU
	EndGlobalSection
	GlobalSection(ProjectConfigurationPlatforms) = postSolution
		{C100EA01-368F-664B-9074-424074C8E5A4}.Debug|Any CPU.ActiveCfg = Debug|Any CPU
		{C100EA01-368F-664B-9074-424074C8E5A4}.Debug|Any CPU.Build.0 = Debug|Any CPU
		{C100EA01-368F-664B-9074-424074C8E5A4}.Release|Any CPU.ActiveCfg = Release|Any CPU
		{C100EA01-368F-664B-9074-424074C8E5A4}.Release|Any CPU.Build.0 = Release|Any CPU
		{602A9A01-0A44-9A95-FDF9-266161CB3EEE}.Debug|Any CPU.ActiveCfg = Debug|Any CPU
		{602A9A01-0A44-9A95-FDF9-266161CB3EEE}.Debug|Any CPU.Build.0 = Debug|Any CPU
		{602A9A01-0A44-9A95-FDF9-266161CB3EEE}.Release|Any CPU.ActiveCfg = Release|Any CPU
		{602A9A01-0A44-9A95-FDF9-266161CB3EEE}.Release|Any CPU.Build.0 = Release|Any CPU
	EndGlobalSection
	GlobalSection(SolutionProperties) = preSolution
		HideSolutionNode = FALSE
	EndGlobalSection
	GlobalSection(MonoDevelopProperties) = preSolution
		StartupItem = Assembly-CSharp.csproj
	EndGlobalSection
EndGlobal
